
Microsoft Visual Studio Solution File, Format Version 12.00
# Visual Studio 15
VisualStudioVersion = 15.0.27004.2009
MinimumVisualStudioVersion = 10.0.40219.1
Project("{FAE04EC0-301F-11D3-BF4B-00C04F79EFBC}") = "MovieSearchForms.Android", "MovieSearchForms\MovieSearchForms.Android\MovieSearchForms.Android.csproj", "{FFB1656A-C478-4066-8D3D-7FE03BF80E26}"
EndProject
Project("{FAE04EC0-301F-11D3-BF4B-00C04F79EFBC}") = "MovieSearchForms", "MovieSearchForms\MovieSearchForms\MovieSearchForms.csproj", "{320657AA-25EF-4018-BCEA-2F6F7C7BADEB}"
EndProject
Project("{FAE04EC0-301F-11D3-BF4B-00C04F79EFBC}") = "MovieSearchForms.UWP", "MovieSearchForms\MovieSearchForms.UWP\MovieSearchForms.UWP.csproj", "{7FAB0E26-E76B-416F-99F0-FF8EE765A4C4}"
EndProject
Project("{FAE04EC0-301F-11D3-BF4B-00C04F79EFBC}") = "MovieSearchForms.iOS", "MovieSearchForms\MovieSearchForms.iOS\MovieSearchForms.iOS.csproj", "{4024FC44-904D-44AA-B369-B6EEDC5A246C}"
EndProject
Global
	GlobalSection(SolutionConfigurationPlatforms) = preSolution
		Ad-Hoc|Any CPU = Ad-Hoc|Any CPU
		Ad-Hoc|ARM = Ad-Hoc|ARM
		Ad-Hoc|iPhone = Ad-Hoc|iPhone
		Ad-Hoc|iPhoneSimulator = Ad-Hoc|iPhoneSimulator
		Ad-Hoc|x64 = Ad-Hoc|x64
		Ad-Hoc|x86 = Ad-Hoc|x86
		AppStore|Any CPU = AppStore|Any CPU
		AppStore|ARM = AppStore|ARM
		AppStore|iPhone = AppStore|iPhone
		AppStore|iPhoneSimulator = AppStore|iPhoneSimulator
		AppStore|x64 = AppStore|x64
		AppStore|x86 = AppStore|x86
		Debug|Any CPU = Debug|Any CPU
		Debug|ARM = Debug|ARM
		Debug|iPhone = Debug|iPhone
		Debug|iPhoneSimulator = Debug|iPhoneSimulator
		Debug|x64 = Debug|x64
		Debug|x86 = Debug|x86
		Release|Any CPU = Release|Any CPU
		Release|ARM = Release|ARM
		Release|iPhone = Release|iPhone
		Release|iPhoneSimulator = Release|iPhoneSimulator
		Release|x64 = Release|x64
		Release|x86 = Release|x86
	EndGlobalSection
	GlobalSection(ProjectConfigurationPlatforms) = postSolution
		{FFB1656A-C478-4066-8D3D-7FE03BF80E26}.Ad-Hoc|Any CPU.ActiveCfg = Release|Any CPU
		{FFB1656A-C478-4066-8D3D-7FE03BF80E26}.Ad-Hoc|Any CPU.Build.0 = Release|Any CPU
		{FFB1656A-C478-4066-8D3D-7FE03BF80E26}.Ad-Hoc|Any CPU.Deploy.0 = Release|Any CPU
		{FFB1656A-C478-4066-8D3D-7FE03BF80E26}.Ad-Hoc|ARM.ActiveCfg = Release|Any CPU
		{FFB1656A-C478-4066-8D3D-7FE03BF80E26}.Ad-Hoc|ARM.Build.0 = Release|Any CPU
		{FFB1656A-C478-4066-8D3D-7FE03BF80E26}.Ad-Hoc|ARM.Deploy.0 = Release|Any CPU
		{FFB1656A-C478-4066-8D3D-7FE03BF80E26}.Ad-Hoc|iPhone.ActiveCfg = Release|Any CPU
		{FFB1656A-C478-4066-8D3D-7FE03BF80E26}.Ad-Hoc|iPhone.Build.0 = Release|Any CPU
		{FFB1656A-C478-4066-8D3D-7FE03BF80E26}.Ad-Hoc|iPhone.Deploy.0 = Release|Any CPU
		{FFB1656A-C478-4066-8D3D-7FE03BF80E26}.Ad-Hoc|iPhoneSimulator.ActiveCfg = Release|Any CPU
		{FFB1656A-C478-4066-8D3D-7FE03BF80E26}.Ad-Hoc|iPhoneSimulator.Build.0 = Release|Any CPU
		{FFB1656A-C478-4066-8D3D-7FE03BF80E26}.Ad-Hoc|iPhoneSimulator.Deploy.0 = Release|Any CPU
		{FFB1656A-C478-4066-8D3D-7FE03BF80E26}.Ad-Hoc|x64.ActiveCfg = Release|Any CPU
		{FFB1656A-C478-4066-8D3D-7FE03BF80E26}.Ad-Hoc|x64.Build.0 = Release|Any CPU
		{FFB1656A-C478-4066-8D3D-7FE03BF80E26}.Ad-Hoc|x64.Deploy.0 = Release|Any CPU
		{FFB1656A-C478-4066-8D3D-7FE03BF80E26}.Ad-Hoc|x86.ActiveCfg = Release|Any CPU
		{FFB1656A-C478-4066-8D3D-7FE03BF80E26}.Ad-Hoc|x86.Build.0 = Release|Any CPU
		{FFB1656A-C478-4066-8D3D-7FE03BF80E26}.Ad-Hoc|x86.Deploy.0 = Release|Any CPU
		{FFB1656A-C478-4066-8D3D-7FE03BF80E26}.AppStore|Any CPU.ActiveCfg = Release|Any CPU
		{FFB1656A-C478-4066-8D3D-7FE03BF80E26}.AppStore|Any CPU.Build.0 = Release|Any CPU
		{FFB1656A-C478-4066-8D3D-7FE03BF80E26}.AppStore|Any CPU.Deploy.0 = Release|Any CPU
		{FFB1656A-C478-4066-8D3D-7FE03BF80E26}.AppStore|ARM.ActiveCfg = Release|Any CPU
		{FFB1656A-C478-4066-8D3D-7FE03BF80E26}.AppStore|ARM.Build.0 = Release|Any CPU
		{FFB1656A-C478-4066-8D3D-7FE03BF80E26}.AppStore|ARM.Deploy.0 = Release|Any CPU
		{FFB1656A-C478-4066-8D3D-7FE03BF80E26}.AppStore|iPhone.ActiveCfg = Release|Any CPU
		{FFB1656A-C478-4066-8D3D-7FE03BF80E26}.AppStore|iPhone.Build.0 = Release|Any CPU
		{FFB1656A-C478-4066-8D3D-7FE03BF80E26}.AppStore|iPhone.Deploy.0 = Release|Any CPU
		{FFB1656A-C478-4066-8D3D-7FE03BF80E26}.AppStore|iPhoneSimulator.ActiveCfg = Release|Any CPU
		{FFB1656A-C478-4066-8D3D-7FE03BF80E26}.AppStore|iPhoneSimulator.Build.0 = Release|Any CPU
		{FFB1656A-C478-4066-8D3D-7FE03BF80E26}.AppStore|iPhoneSimulator.Deploy.0 = Release|Any CPU
		{FFB1656A-C478-4066-8D3D-7FE03BF80E26}.AppStore|x64.ActiveCfg = Release|Any CPU
		{FFB1656A-C478-4066-8D3D-7FE03BF80E26}.AppStore|x64.Build.0 = Release|Any CPU
		{FFB1656A-C478-4066-8D3D-7FE03BF80E26}.AppStore|x64.Deploy.0 = Release|Any CPU
		{FFB1656A-C478-4066-8D3D-7FE03BF80E26}.AppStore|x86.ActiveCfg = Release|Any CPU
		{FFB1656A-C478-4066-8D3D-7FE03BF80E26}.AppStore|x86.Build.0 = Release|Any CPU
		{FFB1656A-C478-4066-8D3D-7FE03BF80E26}.AppStore|x86.Deploy.0 = Release|Any CPU
		{FFB1656A-C478-4066-8D3D-7FE03BF80E26}.Debug|Any CPU.ActiveCfg = Debug|Any CPU
		{FFB1656A-C478-4066-8D3D-7FE03BF80E26}.Debug|Any CPU.Build.0 = Debug|Any CPU
		{FFB1656A-C478-4066-8D3D-7FE03BF80E26}.Debug|Any CPU.Deploy.0 = Debug|Any CPU
		{FFB1656A-C478-4066-8D3D-7FE03BF80E26}.Debug|ARM.ActiveCfg = Debug|Any CPU
		{FFB1656A-C478-4066-8D3D-7FE03BF80E26}.Debug|ARM.Build.0 = Debug|Any CPU
		{FFB1656A-C478-4066-8D3D-7FE03BF80E26}.Debug|ARM.Deploy.0 = Debug|Any CPU
		{FFB1656A-C478-4066-8D3D-7FE03BF80E26}.Debug|iPhone.ActiveCfg = Debug|Any CPU
		{FFB1656A-C478-4066-8D3D-7FE03BF80E26}.Debug|iPhone.Build.0 = Debug|Any CPU
		{FFB1656A-C478-4066-8D3D-7FE03BF80E26}.Debug|iPhone.Deploy.0 = Debug|Any CPU
		{FFB1656A-C478-4066-8D3D-7FE03BF80E26}.Debug|iPhoneSimulator.ActiveCfg = Debug|Any CPU
		{FFB1656A-C478-4066-8D3D-7FE03BF80E26}.Debug|iPhoneSimulator.Build.0 = Debug|Any CPU
		{FFB1656A-C478-4066-8D3D-7FE03BF80E26}.Debug|iPhoneSimulator.Deploy.0 = Debug|Any CPU
		{FFB1656A-C478-4066-8D3D-7FE03BF80E26}.Debug|x64.ActiveCfg = Debug|Any CPU
		{FFB1656A-C478-4066-8D3D-7FE03BF80E26}.Debug|x64.Build.0 = Debug|Any CPU
		{FFB1656A-C478-4066-8D3D-7FE03BF80E26}.Debug|x64.Deploy.0 = Debug|Any CPU
		{FFB1656A-C478-4066-8D3D-7FE03BF80E26}.Debug|x86.ActiveCfg = Debug|Any CPU
		{FFB1656A-C478-4066-8D3D-7FE03BF80E26}.Debug|x86.Build.0 = Debug|Any CPU
		{FFB1656A-C478-4066-8D3D-7FE03BF80E26}.Debug|x86.Deploy.0 = Debug|Any CPU
		{FFB1656A-C478-4066-8D3D-7FE03BF80E26}.Release|Any CPU.ActiveCfg = Release|Any CPU
		{FFB1656A-C478-4066-8D3D-7FE03BF80E26}.Release|Any CPU.Build.0 = Release|Any CPU
		{FFB1656A-C478-4066-8D3D-7FE03BF80E26}.Release|Any CPU.Deploy.0 = Release|Any CPU
		{FFB1656A-C478-4066-8D3D-7FE03BF80E26}.Release|ARM.ActiveCfg = Release|Any CPU
		{FFB1656A-C478-4066-8D3D-7FE03BF80E26}.Release|ARM.Build.0 = Release|Any CPU
		{FFB1656A-C478-4066-8D3D-7FE03BF80E26}.Release|ARM.Deploy.0 = Release|Any CPU
		{FFB1656A-C478-4066-8D3D-7FE03BF80E26}.Release|iPhone.ActiveCfg = Release|Any CPU
		{FFB1656A-C478-4066-8D3D-7FE03BF80E26}.Release|iPhone.Build.0 = Release|Any CPU
		{FFB1656A-C478-4066-8D3D-7FE03BF80E26}.Release|iPhone.Deploy.0 = Release|Any CPU
		{FFB1656A-C478-4066-8D3D-7FE03BF80E26}.Release|iPhoneSimulator.ActiveCfg = Release|Any CPU
		{FFB1656A-C478-4066-8D3D-7FE03BF80E26}.Release|iPhoneSimulator.Build.0 = Release|Any CPU
		{FFB1656A-C478-4066-8D3D-7FE03BF80E26}.Release|iPhoneSimulator.Deploy.0 = Release|Any CPU
		{FFB1656A-C478-4066-8D3D-7FE03BF80E26}.Release|x64.ActiveCfg = Release|Any CPU
		{FFB1656A-C478-4066-8D3D-7FE03BF80E26}.Release|x64.Build.0 = Release|Any CPU
		{FFB1656A-C478-4066-8D3D-7FE03BF80E26}.Release|x64.Deploy.0 = Release|Any CPU
		{FFB1656A-C478-4066-8D3D-7FE03BF80E26}.Release|x86.ActiveCfg = Release|Any CPU
		{FFB1656A-C478-4066-8D3D-7FE03BF80E26}.Release|x86.Build.0 = Release|Any CPU
		{FFB1656A-C478-4066-8D3D-7FE03BF80E26}.Release|x86.Deploy.0 = Release|Any CPU
		{320657AA-25EF-4018-BCEA-2F6F7C7BADEB}.Ad-Hoc|Any CPU.ActiveCfg = Release|Any CPU
		{320657AA-25EF-4018-BCEA-2F6F7C7BADEB}.Ad-Hoc|Any CPU.Build.0 = Release|Any CPU
		{320657AA-25EF-4018-BCEA-2F6F7C7BADEB}.Ad-Hoc|ARM.ActiveCfg = Release|Any CPU
		{320657AA-25EF-4018-BCEA-2F6F7C7BADEB}.Ad-Hoc|ARM.Build.0 = Release|Any CPU
		{320657AA-25EF-4018-BCEA-2F6F7C7BADEB}.Ad-Hoc|iPhone.ActiveCfg = Release|Any CPU
		{320657AA-25EF-4018-BCEA-2F6F7C7BADEB}.Ad-Hoc|iPhone.Build.0 = Release|Any CPU
		{320657AA-25EF-4018-BCEA-2F6F7C7BADEB}.Ad-Hoc|iPhoneSimulator.ActiveCfg = Release|Any CPU
		{320657AA-25EF-4018-BCEA-2F6F7C7BADEB}.Ad-Hoc|iPhoneSimulator.Build.0 = Release|Any CPU
		{320657AA-25EF-4018-BCEA-2F6F7C7BADEB}.Ad-Hoc|x64.ActiveCfg = Release|Any CPU
		{320657AA-25EF-4018-BCEA-2F6F7C7BADEB}.Ad-Hoc|x64.Build.0 = Release|Any CPU
		{320657AA-25EF-4018-BCEA-2F6F7C7BADEB}.Ad-Hoc|x86.ActiveCfg = Release|Any CPU
		{320657AA-25EF-4018-BCEA-2F6F7C7BADEB}.Ad-Hoc|x86.Build.0 = Release|Any CPU
		{320657AA-25EF-4018-BCEA-2F6F7C7BADEB}.AppStore|Any CPU.ActiveCfg = Release|Any CPU
		{320657AA-25EF-4018-BCEA-2F6F7C7BADEB}.AppStore|Any CPU.Build.0 = Release|Any CPU
		{320657AA-25EF-4018-BCEA-2F6F7C7BADEB}.AppStore|ARM.ActiveCfg = Release|Any CPU
		{320657AA-25EF-4018-BCEA-2F6F7C7BADEB}.AppStore|ARM.Build.0 = Release|Any CPU
		{320657AA-25EF-4018-BCEA-2F6F7C7BADEB}.AppStore|iPhone.ActiveCfg = Release|Any CPU
		{320657AA-25EF-4018-BCEA-2F6F7C7BADEB}.AppStore|iPhone.Build.0 = Release|Any CPU
		{320657AA-25EF-4018-BCEA-2F6F7C7BADEB}.AppStore|iPhoneSimulator.ActiveCfg = Release|Any CPU
		{320657AA-25EF-4018-BCEA-2F6F7C7BADEB}.AppStore|iPhoneSimulator.Build.0 = Release|Any CPU
		{320657AA-25EF-4018-BCEA-2F6F7C7BADEB}.AppStore|x64.ActiveCfg = Release|Any CPU
		{320657AA-25EF-4018-BCEA-2F6F7C7BADEB}.AppStore|x64.Build.0 = Release|Any CPU
		{320657AA-25EF-4018-BCEA-2F6F7C7BADEB}.AppStore|x86.ActiveCfg = Release|Any CPU
		{320657AA-25EF-4018-BCEA-2F6F7C7BADEB}.AppStore|x86.Build.0 = Release|Any CPU
		{320657AA-25EF-4018-BCEA-2F6F7C7BADEB}.Debug|Any CPU.ActiveCfg = Debug|Any CPU
		{320657AA-25EF-4018-BCEA-2F6F7C7BADEB}.Debug|Any CPU.Build.0 = Debug|Any CPU
		{320657AA-25EF-4018-BCEA-2F6F7C7BADEB}.Debug|ARM.ActiveCfg = Debug|Any CPU
		{320657AA-25EF-4018-BCEA-2F6F7C7BADEB}.Debug|ARM.Build.0 = Debug|Any CPU
		{320657AA-25EF-4018-BCEA-2F6F7C7BADEB}.Debug|iPhone.ActiveCfg = Debug|Any CPU
		{320657AA-25EF-4018-BCEA-2F6F7C7BADEB}.Debug|iPhone.Build.0 = Debug|Any CPU
		{320657AA-25EF-4018-BCEA-2F6F7C7BADEB}.Debug|iPhoneSimulator.ActiveCfg = Debug|Any CPU
		{320657AA-25EF-4018-BCEA-2F6F7C7BADEB}.Debug|iPhoneSimulator.Build.0 = Debug|Any CPU
		{320657AA-25EF-4018-BCEA-2F6F7C7BADEB}.Debug|x64.ActiveCfg = Debug|Any CPU
		{320657AA-25EF-4018-BCEA-2F6F7C7BADEB}.Debug|x64.Build.0 = Debug|Any CPU
		{320657AA-25EF-4018-BCEA-2F6F7C7BADEB}.Debug|x86.ActiveCfg = Debug|Any CPU
		{320657AA-25EF-4018-BCEA-2F6F7C7BADEB}.Debug|x86.Build.0 = Debug|Any CPU
		{320657AA-25EF-4018-BCEA-2F6F7C7BADEB}.Release|Any CPU.ActiveCfg = Release|Any CPU
		{320657AA-25EF-4018-BCEA-2F6F7C7BADEB}.Release|Any CPU.Build.0 = Release|Any CPU
		{320657AA-25EF-4018-BCEA-2F6F7C7BADEB}.Release|ARM.ActiveCfg = Release|Any CPU
		{320657AA-25EF-4018-BCEA-2F6F7C7BADEB}.Release|ARM.Build.0 = Release|Any CPU
		{320657AA-25EF-4018-BCEA-2F6F7C7BADEB}.Release|iPhone.ActiveCfg = Release|Any CPU
		{320657AA-25EF-4018-BCEA-2F6F7C7BADEB}.Release|iPhone.Build.0 = Release|Any CPU
		{320657AA-25EF-4018-BCEA-2F6F7C7BADEB}.Release|iPhoneSimulator.ActiveCfg = Release|Any CPU
		{320657AA-25EF-4018-BCEA-2F6F7C7BADEB}.Release|iPhoneSimulator.Build.0 = Release|Any CPU
		{320657AA-25EF-4018-BCEA-2F6F7C7BADEB}.Release|x64.ActiveCfg = Release|Any CPU
		{320657AA-25EF-4018-BCEA-2F6F7C7BADEB}.Release|x64.Build.0 = Release|Any CPU
		{320657AA-25EF-4018-BCEA-2F6F7C7BADEB}.Release|x86.ActiveCfg = Release|Any CPU
		{320657AA-25EF-4018-BCEA-2F6F7C7BADEB}.Release|x86.Build.0 = Release|Any CPU
		{7FAB0E26-E76B-416F-99F0-FF8EE765A4C4}.Ad-Hoc|Any CPU.ActiveCfg = Release|x86
		{7FAB0E26-E76B-416F-99F0-FF8EE765A4C4}.Ad-Hoc|Any CPU.Build.0 = Release|x86
		{7FAB0E26-E76B-416F-99F0-FF8EE765A4C4}.Ad-Hoc|Any CPU.Deploy.0 = Release|x86
		{7FAB0E26-E76B-416F-99F0-FF8EE765A4C4}.Ad-Hoc|ARM.ActiveCfg = Release|ARM
		{7FAB0E26-E76B-416F-99F0-FF8EE765A4C4}.Ad-Hoc|ARM.Build.0 = Release|ARM
		{7FAB0E26-E76B-416F-99F0-FF8EE765A4C4}.Ad-Hoc|ARM.Deploy.0 = Release|ARM
		{7FAB0E26-E76B-416F-99F0-FF8EE765A4C4}.Ad-Hoc|iPhone.ActiveCfg = Release|x86
		{7FAB0E26-E76B-416F-99F0-FF8EE765A4C4}.Ad-Hoc|iPhone.Build.0 = Release|x86
		{7FAB0E26-E76B-416F-99F0-FF8EE765A4C4}.Ad-Hoc|iPhone.Deploy.0 = Release|x86
		{7FAB0E26-E76B-416F-99F0-FF8EE765A4C4}.Ad-Hoc|iPhoneSimulator.ActiveCfg = Release|x86
		{7FAB0E26-E76B-416F-99F0-FF8EE765A4C4}.Ad-Hoc|iPhoneSimulator.Build.0 = Release|x86
		{7FAB0E26-E76B-416F-99F0-FF8EE765A4C4}.Ad-Hoc|iPhoneSimulator.Deploy.0 = Release|x86
		{7FAB0E26-E76B-416F-99F0-FF8EE765A4C4}.Ad-Hoc|x64.ActiveCfg = Release|x64
		{7FAB0E26-E76B-416F-99F0-FF8EE765A4C4}.Ad-Hoc|x64.Build.0 = Release|x64
		{7FAB0E26-E76B-416F-99F0-FF8EE765A4C4}.Ad-Hoc|x64.Deploy.0 = Release|x64
		{7FAB0E26-E76B-416F-99F0-FF8EE765A4C4}.Ad-Hoc|x86.ActiveCfg = Release|x86
		{7FAB0E26-E76B-416F-99F0-FF8EE765A4C4}.Ad-Hoc|x86.Build.0 = Release|x86
		{7FAB0E26-E76B-416F-99F0-FF8EE765A4C4}.Ad-Hoc|x86.Deploy.0 = Release|x86
		{7FAB0E26-E76B-416F-99F0-FF8EE765A4C4}.AppStore|Any CPU.ActiveCfg = Release|x86
		{7FAB0E26-E76B-416F-99F0-FF8EE765A4C4}.AppStore|Any CPU.Build.0 = Release|x86
		{7FAB0E26-E76B-416F-99F0-FF8EE765A4C4}.AppStore|Any CPU.Deploy.0 = Release|x86
		{7FAB0E26-E76B-416F-99F0-FF8EE765A4C4}.AppStore|ARM.ActiveCfg = Release|ARM
		{7FAB0E26-E76B-416F-99F0-FF8EE765A4C4}.AppStore|ARM.Build.0 = Release|ARM
		{7FAB0E26-E76B-416F-99F0-FF8EE765A4C4}.AppStore|ARM.Deploy.0 = Release|ARM
		{7FAB0E26-E76B-416F-99F0-FF8EE765A4C4}.AppStore|iPhone.ActiveCfg = Release|x86
		{7FAB0E26-E76B-416F-99F0-FF8EE765A4C4}.AppStore|iPhone.Build.0 = Release|x86
		{7FAB0E26-E76B-416F-99F0-FF8EE765A4C4}.AppStore|iPhone.Deploy.0 = Release|x86
		{7FAB0E26-E76B-416F-99F0-FF8EE765A4C4}.AppStore|iPhoneSimulator.ActiveCfg = Release|x86
		{7FAB0E26-E76B-416F-99F0-FF8EE765A4C4}.AppStore|iPhoneSimulator.Build.0 = Release|x86
		{7FAB0E26-E76B-416F-99F0-FF8EE765A4C4}.AppStore|iPhoneSimulator.Deploy.0 = Release|x86
		{7FAB0E26-E76B-416F-99F0-FF8EE765A4C4}.AppStore|x64.ActiveCfg = Release|x64
		{7FAB0E26-E76B-416F-99F0-FF8EE765A4C4}.AppStore|x64.Build.0 = Release|x64
		{7FAB0E26-E76B-416F-99F0-FF8EE765A4C4}.AppStore|x64.Deploy.0 = Release|x64
		{7FAB0E26-E76B-416F-99F0-FF8EE765A4C4}.AppStore|x86.ActiveCfg = Release|x86
		{7FAB0E26-E76B-416F-99F0-FF8EE765A4C4}.AppStore|x86.Build.0 = Release|x86
		{7FAB0E26-E76B-416F-99F0-FF8EE765A4C4}.AppStore|x86.Deploy.0 = Release|x86
		{7FAB0E26-E76B-416F-99F0-FF8EE765A4C4}.Debug|Any CPU.ActiveCfg = Debug|x86
		{7FAB0E26-E76B-416F-99F0-FF8EE765A4C4}.Debug|ARM.ActiveCfg = Debug|ARM
		{7FAB0E26-E76B-416F-99F0-FF8EE765A4C4}.Debug|ARM.Build.0 = Debug|ARM
		{7FAB0E26-E76B-416F-99F0-FF8EE765A4C4}.Debug|ARM.Deploy.0 = Debug|ARM
		{7FAB0E26-E76B-416F-99F0-FF8EE765A4C4}.Debug|iPhone.ActiveCfg = Debug|x86
		{7FAB0E26-E76B-416F-99F0-FF8EE765A4C4}.Debug|iPhoneSimulator.ActiveCfg = Debug|x86
		{7FAB0E26-E76B-416F-99F0-FF8EE765A4C4}.Debug|x64.ActiveCfg = Debug|x64
		{7FAB0E26-E76B-416F-99F0-FF8EE765A4C4}.Debug|x64.Build.0 = Debug|x64
		{7FAB0E26-E76B-416F-99F0-FF8EE765A4C4}.Debug|x64.Deploy.0 = Debug|x64
		{7FAB0E26-E76B-416F-99F0-FF8EE765A4C4}.Debug|x86.ActiveCfg = Debug|x86
		{7FAB0E26-E76B-416F-99F0-FF8EE765A4C4}.Debug|x86.Build.0 = Debug|x86
		{7FAB0E26-E76B-416F-99F0-FF8EE765A4C4}.Debug|x86.Deploy.0 = Debug|x86
		{7FAB0E26-E76B-416F-99F0-FF8EE765A4C4}.Release|Any CPU.ActiveCfg = Release|x86
		{7FAB0E26-E76B-416F-99F0-FF8EE765A4C4}.Release|ARM.ActiveCfg = Release|ARM
		{7FAB0E26-E76B-416F-99F0-FF8EE765A4C4}.Release|ARM.Build.0 = Release|ARM
		{7FAB0E26-E76B-416F-99F0-FF8EE765A4C4}.Release|ARM.Deploy.0 = Release|ARM
		{7FAB0E26-E76B-416F-99F0-FF8EE765A4C4}.Release|iPhone.ActiveCfg = Release|x86
		{7FAB0E26-E76B-416F-99F0-FF8EE765A4C4}.Release|iPhoneSimulator.ActiveCfg = Release|x86
		{7FAB0E26-E76B-416F-99F0-FF8EE765A4C4}.Release|x64.ActiveCfg = Release|x64
		{7FAB0E26-E76B-416F-99F0-FF8EE765A4C4}.Release|x64.Build.0 = Release|x64
		{7FAB0E26-E76B-416F-99F0-FF8EE765A4C4}.Release|x64.Deploy.0 = Release|x64
		{7FAB0E26-E76B-416F-99F0-FF8EE765A4C4}.Release|x86.ActiveCfg = Release|x86
		{7FAB0E26-E76B-416F-99F0-FF8EE765A4C4}.Release|x86.Build.0 = Release|x86
		{7FAB0E26-E76B-416F-99F0-FF8EE765A4C4}.Release|x86.Deploy.0 = Release|x86
		{4024FC44-904D-44AA-B369-B6EEDC5A246C}.Ad-Hoc|Any CPU.ActiveCfg = Ad-Hoc|iPhoneSimulator
		{4024FC44-904D-44AA-B369-B6EEDC5A246C}.Ad-Hoc|ARM.ActiveCfg = Ad-Hoc|iPhone
		{4024FC44-904D-44AA-B369-B6EEDC5A246C}.Ad-Hoc|iPhone.ActiveCfg = Ad-Hoc|iPhone
		{4024FC44-904D-44AA-B369-B6EEDC5A246C}.Ad-Hoc|iPhone.Build.0 = Ad-Hoc|iPhone
		{4024FC44-904D-44AA-B369-B6EEDC5A246C}.Ad-Hoc|iPhoneSimulator.ActiveCfg = Ad-Hoc|iPhoneSimulator
		{4024FC44-904D-44AA-B369-B6EEDC5A246C}.Ad-Hoc|iPhoneSimulator.Build.0 = Ad-Hoc|iPhoneSimulator
		{4024FC44-904D-44AA-B369-B6EEDC5A246C}.Ad-Hoc|x64.ActiveCfg = Ad-Hoc|iPhone
		{4024FC44-904D-44AA-B369-B6EEDC5A246C}.Ad-Hoc|x86.ActiveCfg = Ad-Hoc|iPhone
		{4024FC44-904D-44AA-B369-B6EEDC5A246C}.AppStore|Any CPU.ActiveCfg = AppStore|iPhoneSimulator
		{4024FC44-904D-44AA-B369-B6EEDC5A246C}.AppStore|ARM.ActiveCfg = AppStore|iPhone
		{4024FC44-904D-44AA-B369-B6EEDC5A246C}.AppStore|iPhone.ActiveCfg = AppStore|iPhone
		{4024FC44-904D-44AA-B369-B6EEDC5A246C}.AppStore|iPhone.Build.0 = AppStore|iPhone
		{4024FC44-904D-44AA-B369-B6EEDC5A246C}.AppStore|iPhoneSimulator.ActiveCfg = AppStore|iPhoneSimulator
		{4024FC44-904D-44AA-B369-B6EEDC5A246C}.AppStore|iPhoneSimulator.Build.0 = AppStore|iPhoneSimulator
		{4024FC44-904D-44AA-B369-B6EEDC5A246C}.AppStore|x64.ActiveCfg = AppStore|iPhone
		{4024FC44-904D-44AA-B369-B6EEDC5A246C}.AppStore|x86.ActiveCfg = AppStore|iPhone
		{4024FC44-904D-44AA-B369-B6EEDC5A246C}.Debug|Any CPU.ActiveCfg = Debug|iPhoneSimulator
		{4024FC44-904D-44AA-B369-B6EEDC5A246C}.Debug|ARM.ActiveCfg = Debug|iPhone
		{4024FC44-904D-44AA-B369-B6EEDC5A246C}.Debug|iPhone.ActiveCfg = Debug|iPhone
		{4024FC44-904D-44AA-B369-B6EEDC5A246C}.Debug|iPhone.Build.0 = Debug|iPhone
		{4024FC44-904D-44AA-B369-B6EEDC5A246C}.Debug|iPhoneSimulator.ActiveCfg = Debug|iPhoneSimulator
		{4024FC44-904D-44AA-B369-B6EEDC5A246C}.Debug|iPhoneSimulator.Build.0 = Debug|iPhoneSimulator
		{4024FC44-904D-44AA-B369-B6EEDC5A246C}.Debug|x64.ActiveCfg = Debug|iPhone
		{4024FC44-904D-44AA-B369-B6EEDC5A246C}.Debug|x86.ActiveCfg = Debug|iPhone
		{4024FC44-904D-44AA-B369-B6EEDC5A246C}.Release|Any CPU.ActiveCfg = Release|iPhoneSimulator
		{4024FC44-904D-44AA-B369-B6EEDC5A246C}.Release|ARM.ActiveCfg = Release|iPhone
		{4024FC44-904D-44AA-B369-B6EEDC5A246C}.Release|iPhone.ActiveCfg = Release|iPhone
		{4024FC44-904D-44AA-B369-B6EEDC5A246C}.Release|iPhone.Build.0 = Release|iPhone
		{4024FC44-904D-44AA-B369-B6EEDC5A246C}.Release|iPhoneSimulator.ActiveCfg = Release|iPhoneSimulator
		{4024FC44-904D-44AA-B369-B6EEDC5A246C}.Release|iPhoneSimulator.Build.0 = Release|iPhoneSimulator
		{4024FC44-904D-44AA-B369-B6EEDC5A246C}.Release|x64.ActiveCfg = Release|iPhone
		{4024FC44-904D-44AA-B369-B6EEDC5A246C}.Release|x86.ActiveCfg = Release|iPhone
	EndGlobalSection
	GlobalSection(SolutionProperties) = preSolution
		HideSolutionNode = FALSE
	EndGlobalSection
	GlobalSection(ExtensibilityGlobals) = postSolution
		SolutionGuid = {F5A1A99C-E669-4FA9-B3DD-4ED60157C6CE}
	EndGlobalSection
EndGlobal
