
Microsoft Visual Studio Solution File, Format Version 12.00
# Visual Studio 2012
Project("{FAE04EC0-301F-11D3-BF4B-00C04F79EFBC}") = "MovieSearchForms", "MovieSearchForms.csproj", "{320657AA-25EF-4018-BCEA-2F6F7C7BADEB}"
EndProject
Global
	GlobalSection(SolutionConfigurationPlatforms) = preSolution
		Debug|Any CPU = Debug|Any CPU
		Release|Any CPU = Release|Any CPU
	EndGlobalSection
	GlobalSection(ProjectConfigurationPlatforms) = postSolution
		{320657AA-25EF-4018-BCEA-2F6F7C7BADEB}.Debug|Any CPU.ActiveCfg = Debug|Any CPU
		{320657AA-25EF-4018-BCEA-2F6F7C7BADEB}.Debug|Any CPU.Build.0 = Debug|Any CPU
		{320657AA-25EF-4018-BCEA-2F6F7C7BADEB}.Release|Any CPU.ActiveCfg = Release|Any CPU
		{320657AA-25EF-4018-BCEA-2F6F7C7BADEB}.Release|Any CPU.Build.0 = Release|Any CPU
	EndGlobalSection
EndGlobal
